# THIS IS AN AUTOGENERATED FILE. DO NOT EDIT THIS FILE DIRECTLY.
# yarn lockfile v1


"@mapbox/geo-viewport@^0.5.0":
  version "0.5.0"
  resolved "https://registry.yarnpkg.com/@mapbox/geo-viewport/-/geo-viewport-0.5.0.tgz#5e3b4ef19ed113169d168eec9c60840e430c52a6"
  integrity sha512-h0b10JU+lSxw8/TLXGdzcVTPxMN9Ikv0os8sCo0OAHXUiSDkQs5fx4WWLJeQTnC++qaGFl6/Ssr+H5N6NIvE5g==
  dependencies:
    "@mapbox/sphericalmercator" "^1.2.0"

"@mapbox/sphericalmercator@^1.2.0":
  version "1.2.0"
  resolved "https://registry.yarnpkg.com/@mapbox/sphericalmercator/-/sphericalmercator-1.2.0.tgz#55d4896be906bfff859e22a1d72267329a0fff90"
  integrity sha512-ZTOuuwGuMOJN+HEmG/68bSEw15HHaMWmQ5gdTsWdWsjDe56K1kGvLOK6bOSC8gWgIvEO0w6un/2Gvv1q5hJSkQ==

kdbush@^3.0.0:
  version "3.0.0"
  resolved "https://registry.yarnpkg.com/kdbush/-/kdbush-3.0.0.tgz#f8484794d47004cc2d85ed3a79353dbe0abc2bf0"
  integrity sha512-hRkd6/XW4HTsA9vjVpY9tuXJYLSlelnkTmVFu4M9/7MIYQtFcHpbugAU7UbOfjOiVSVYl2fqgBuJ32JUmRo5Ew==

supercluster@^7.1.5:
  version "7.1.5"
  resolved "https://registry.yarnpkg.com/supercluster/-/supercluster-7.1.5.tgz#65a6ce4a037a972767740614c19051b64b8be5a3"
  integrity sha512-EulshI3pGUM66o6ZdH3ReiFcvHpM3vAigyK+vcxdjpJyEbIIrtbmBdY23mGgnI24uXiGFvrGq9Gkum/8U7vJWg==
  dependencies:
    kdbush "^3.0.0"
